<?xml version="1.0" encoding="utf-8"?>
<Project ToolsVersion="4.0" xmlns="http://schemas.microsoft.com/developer/msbuild/2003">
  <ItemGroup>
    <Filter Include="Source Files">
      <UniqueIdentifier>{4FC737F1-C7A5-4376-A066-2A32D752A2FF}</UniqueIdentifier>
      <Extensions>cpp;c;cc;cxx;c++;cppm;ixx;def;odl;idl;hpj;bat;asm;asmx</Extensions>
    </Filter>
    <Filter Include="Header Files">
      <UniqueIdentifier>{93995380-89BD-4b04-88EB-625FBE52EBFB}</UniqueIdentifier>
      <Extensions>h;hh;hpp;hxx;h++;hm;inl;inc;ipp;xsd</Extensions>
    </Filter>
    <Filter Include="Misc">
      <UniqueIdentifier>{84b9ac5c-7ddb-4881-9213-e47f1e95d72d}</UniqueIdentifier>
    </Filter>
    <Filter Include="Misc\Input">
      <UniqueIdentifier>{9eaa7ea5-1f26-4dad-988e-186a96888039}</UniqueIdentifier>
    </Filter>
    <Filter Include="Misc\Console">
      <UniqueIdentifier>{3d004033-b220-40b8-a22c-9a71540d900e}</UniqueIdentifier>
    </Filter>
    <Filter Include="Misc\Tests">
      <UniqueIdentifier>{261f0249-a897-41f0-a784-34f7da14ca60}</UniqueIdentifier>
    </Filter>
  </ItemGroup>
  <ItemGroup>
    <ClCompile Include="Graphics.cpp">
      <Filter>Source Files</Filter>
    </ClCompile>
    <ClCompile Include="..\..\..\Shared\Console\Console.cpp">
      <Filter>Misc\Console</Filter>
    </ClCompile>
    <ClCompile Include="..\..\..\Shared\Input\Input.cpp">
      <Filter>Misc\Input</Filter>
    </ClCompile>
    <ClCompile Include="Tester.cpp">
      <Filter>Misc\Tests</Filter>
    </ClCompile>
    <ClCompile Include="Shape.cpp">
      <Filter>Source Files</Filter>
    </ClCompile>
    <ClCompile Include="Line.cpp">
      <Filter>Source Files</Filter>
    </ClCompile>
  </ItemGroup>
  <ItemGroup>
    <ClInclude Include="..\..\..\Shared\Console\Console.h">
      <Filter>Misc\Console</Filter>
    </ClInclude>
    <ClInclude Include="..\..\..\Shared\Input\Input.h">
      <Filter>Misc\Input</Filter>
    </ClInclude>
    <ClInclude Include="Tester.h">
      <Filter>Misc\Tests</Filter>
    </ClInclude>
    <ClInclude Include="Point2D.h">
      <Filter>Header Files</Filter>
    </ClInclude>
    <ClInclude Include="Shape.h">
      <Filter>Header Files</Filter>
    </ClInclude>
    <ClInclude Include="Line.h">
      <Filter>Header Files</Filter>
    </ClInclude>
  </ItemGroup>
</Project>