<?xml version="1.0" encoding="utf-8"?>
<Project ToolsVersion="4.0" xmlns="http://schemas.microsoft.com/developer/msbuild/2003">
  <ItemGroup>
    <Filter Include="Source Files">
      <UniqueIdentifier>{4FC737F1-C7A5-4376-A066-2A32D752A2FF}</UniqueIdentifier>
      <Extensions>cpp;c;cc;cxx;c++;cppm;ixx;def;odl;idl;hpj;bat;asm;asmx</Extensions>
    </Filter>
    <Filter Include="Header Files">
      <UniqueIdentifier>{93995380-89BD-4b04-88EB-625FBE52EBFB}</UniqueIdentifier>
      <Extensions>h;hh;hpp;hxx;h++;hm;inl;inc;ipp;xsd</Extensions>
    </Filter>
    <Filter Include="Misc">
      <UniqueIdentifier>{596e3de4-381f-4b48-bac7-eb51b22f1cc4}</UniqueIdentifier>
    </Filter>
    <Filter Include="Misc\Console">
      <UniqueIdentifier>{12ae7092-565e-4889-8ba4-c14b583addae}</UniqueIdentifier>
    </Filter>
    <Filter Include="Misc\Input">
      <UniqueIdentifier>{234aaf83-46b1-404e-b4ad-0df2f14c61c8}</UniqueIdentifier>
    </Filter>
    <Filter Include="Misc\Data">
      <UniqueIdentifier>{fddb00b1-ce54-4715-815c-d19ddd02bf52}</UniqueIdentifier>
    </Filter>
    <Filter Include="Misc\Tests">
      <UniqueIdentifier>{5a96cf67-2eee-4df1-ad5e-765e9c46cbb9}</UniqueIdentifier>
    </Filter>
  </ItemGroup>
  <ItemGroup>
    <ClCompile Include="HeroesV2.cpp">
      <Filter>Source Files</Filter>
    </ClCompile>
    <ClCompile Include="Hero.cpp">
      <Filter>Source Files</Filter>
    </ClCompile>
    <ClCompile Include="HeroesDB.cpp">
      <Filter>Source Files</Filter>
    </ClCompile>
    <ClCompile Include="JsonNodePrinter.cpp">
      <Filter>Misc\Data</Filter>
    </ClCompile>
    <ClCompile Include="..\..\..\Shared\Input\Input.cpp">
      <Filter>Misc\Input</Filter>
    </ClCompile>
    <ClCompile Include="..\..\..\Shared\Data\JSONBase.cpp">
      <Filter>Misc\Data</Filter>
    </ClCompile>
    <ClCompile Include="..\..\..\Shared\Console\Console.cpp">
      <Filter>Misc\Console</Filter>
    </ClCompile>
    <ClCompile Include="Tester.cpp">
      <Filter>Misc\Tests</Filter>
    </ClCompile>
  </ItemGroup>
  <ItemGroup>
    <ClInclude Include="Hero.h">
      <Filter>Header Files</Filter>
    </ClInclude>
    <ClInclude Include="HeroesDB.h">
      <Filter>Header Files</Filter>
    </ClInclude>
    <ClInclude Include="enums.h">
      <Filter>Header Files</Filter>
    </ClInclude>
    <ClInclude Include="..\..\..\Shared\Input\Input.h">
      <Filter>Misc\Input</Filter>
    </ClInclude>
    <ClInclude Include="..\..\..\Shared\Data\JSONBase.h">
      <Filter>Misc\Data</Filter>
    </ClInclude>
    <ClInclude Include="..\..\..\Shared\Data\JSONIncludes.h">
      <Filter>Misc\Data</Filter>
    </ClInclude>
    <ClInclude Include="..\..\..\Shared\Console\Console.h">
      <Filter>Misc\Console</Filter>
    </ClInclude>
    <ClInclude Include="Tester.h">
      <Filter>Misc\Tests</Filter>
    </ClInclude>
  </ItemGroup>
  <ItemGroup>
    <CopyFileToFolders Include="heroes.json">
      <Filter>Misc\Data</Filter>
    </CopyFileToFolders>
  </ItemGroup>
</Project>