<?xml version="1.0" encoding="utf-8"?>
<Project ToolsVersion="4.0" xmlns="http://schemas.microsoft.com/developer/msbuild/2003">
  <ItemGroup>
    <Filter Include="Source Files">
      <UniqueIdentifier>{4FC737F1-C7A5-4376-A066-2A32D752A2FF}</UniqueIdentifier>
      <Extensions>cpp;c;cc;cxx;c++;cppm;ixx;def;odl;idl;hpj;bat;asm;asmx</Extensions>
    </Filter>
    <Filter Include="Header Files">
      <UniqueIdentifier>{93995380-89BD-4b04-88EB-625FBE52EBFB}</UniqueIdentifier>
      <Extensions>h;hh;hpp;hxx;h++;hm;inl;inc;ipp;xsd</Extensions>
    </Filter>
    <Filter Include="Misc">
      <UniqueIdentifier>{10646411-4567-4ec4-914c-acb48f91b12c}</UniqueIdentifier>
    </Filter>
    <Filter Include="Misc\Console">
      <UniqueIdentifier>{733085b3-8778-4d68-9104-3ba633c1e8f0}</UniqueIdentifier>
    </Filter>
    <Filter Include="Misc\Input">
      <UniqueIdentifier>{9e2ab62f-f60d-4d24-a99a-32b18eb8b5e4}</UniqueIdentifier>
    </Filter>
    <Filter Include="Misc\Tests">
      <UniqueIdentifier>{9f6f4ea4-0755-4750-8b70-6707bec3474a}</UniqueIdentifier>
    </Filter>
  </ItemGroup>
  <ItemGroup>
    <ClCompile Include="CardWars.cpp">
      <Filter>Source Files</Filter>
    </ClCompile>
    <ClCompile Include="WarGame.cpp">
      <Filter>Source Files</Filter>
    </ClCompile>
    <ClCompile Include="Card.cpp">
      <Filter>Source Files</Filter>
    </ClCompile>
    <ClCompile Include="..\..\..\Shared\Console\Console.cpp">
      <Filter>Misc\Console</Filter>
    </ClCompile>
    <ClCompile Include="..\..\..\Shared\Input\Input.cpp">
      <Filter>Misc\Input</Filter>
    </ClCompile>
    <ClCompile Include="Tester.cpp">
      <Filter>Misc\Tests</Filter>
    </ClCompile>
    <ClCompile Include="HighScore.cpp">
      <Filter>Source Files</Filter>
    </ClCompile>
  </ItemGroup>
  <ItemGroup>
    <ClInclude Include="WarGame.h">
      <Filter>Header Files</Filter>
    </ClInclude>
    <ClInclude Include="Card.h">
      <Filter>Header Files</Filter>
    </ClInclude>
    <ClInclude Include="..\..\..\Shared\Console\Console.h">
      <Filter>Misc\Console</Filter>
    </ClInclude>
    <ClInclude Include="..\..\..\Shared\Input\Input.h">
      <Filter>Misc\Input</Filter>
    </ClInclude>
    <ClInclude Include="Tester.h">
      <Filter>Misc\Tests</Filter>
    </ClInclude>
    <ClInclude Include="HighScore.h">
      <Filter>Header Files</Filter>
    </ClInclude>
  </ItemGroup>
  <ItemGroup>
    <CopyFileToFolders Include="HighScores.csv" />
    <CopyFileToFolders Include="cards.csv" />
  </ItemGroup>
</Project>